{
  "name": "opencode-codetime",
  "version": "0.6.7",
  "lockfileVersion": 3,
  "requires": true,
  "packages": {
    "": {
      "name": "opencode-codetime",
      "version": "0.6.7",
      "license": "MIT",
      "devDependencies": {
        "@opencode-ai/plugin": "^1.0.0",
        "@types/node": "^25.3.3",
        "typescript": "^5.0.0"
      },
      "peerDependencies": {
        "@opencode-ai/plugin": ">=1.0.0"
      }
    },
    "node_modules/@opencode-ai/plugin": {
      "version": "1.2.16",
      "resolved": "https://registry.npmjs.org/@opencode-ai/plugin/-/plugin-1.2.16.tgz",
      "integrity": "sha512-9Kb7BQIC2P3oKCvI8K3thP5YP0vE7yLvcmBmgyACUIqc3e5UL6U+4umLpTvgQa2eQdjxtOXznuGTNwgcGMHUHg==",
      "dev": true,
      "license": "MIT",
      "dependencies": {
        "@opencode-ai/sdk": "1.2.16",
        "zod": "4.1.8"
      }
    },
    "node_modules/@opencode-ai/sdk": {
      "version": "1.2.16",
      "resolved": "https://registry.npmjs.org/@opencode-ai/sdk/-/sdk-1.2.16.tgz",
      "integrity": "sha512-y9ae9VnCcuog0GaI4DveX1HB6DBoZgGN3EuJVlRFbBCPwhzkls6fCfHSb5+VnTS6Fy0OWFUL28VBCmixL/D+/Q==",
      "dev": true,
      "license": "MIT"
    },
    "node_modules/@types/node": {
      "version": "25.3.3",
      "resolved": "https://registry.npmjs.org/@types/node/-/node-25.3.3.tgz",
      "integrity": "sha512-DpzbrH7wIcBaJibpKo9nnSQL0MTRdnWttGyE5haGwK86xgMOkFLp7vEyfQPGLOJh5wNYiJ3V9PmUMDhV9u8kkQ==",
      "dev": true,
      "license": "MIT",
      "dependencies": {
        "undici-types": "~7.18.0"
      }
    },
    "node_modules/typescript": {
      "version": "5.9.3",
      "resolved": "https://registry.npmjs.org/typescript/-/typescript-5.9.3.tgz",
      "integrity": "sha512-jl1vZzPDinLr9eUt3J/t7V6FgNEw9QjvBPdysz9KfQDD41fQrC2Y4vKQdiaUpFT4bXlb1RHhLpp8wtm6M5TgSw==",
      "dev": true,
      "license": "Apache-2.0",
      "bin": {
        "tsc": "bin/tsc",
        "tsserver": "bin/tsserver"
      },
      "engines": {
        "node": ">=14.17"
      }
    },
    "node_modules/undici-types": {
      "version": "7.18.2",
      "resolved": "https://registry.npmjs.org/undici-types/-/undici-types-7.18.2.tgz",
      "integrity": "sha512-AsuCzffGHJybSaRrmr5eHr81mwJU3kjw6M+uprWvCXiNeN9SOGwQ3Jn8jb8m3Z6izVgknn1R0FTCEAP2QrLY/w==",
      "dev": true,
      "license": "MIT"
    },
    "node_modules/zod": {
      "version": "4.1.8",
      "resolved": "https://registry.npmjs.org/zod/-/zod-4.1.8.tgz",
      "integrity": "sha512-5R1P+WwQqmmMIEACyzSvo4JXHY5WiAFHRMg+zBZKgKS+Q1viRa0C1hmUKtHltoIFKtIdki3pRxkmpP74jnNYHQ==",
      "dev": true,
      "license": "MIT",
      "funding": {
        "url": "https://github.com/sponsors/colinhacks"
      }
    }
  }
}
